[[package]]
name = "docutils"
version = "0.19"
description = "Docutils -- Python Documentation Utilities"
category = "main"
optional = false
python-versions = ">=3.7"

[[package]]
name = "statistics"
version = "1.0.3.5"
description = "A Python 2.* port of 3.4 Statistics Module"
category = "main"
optional = false
python-versions = "*"

[package.dependencies]
docutils = ">=0.3"

[metadata]
lock-version = "1.1"
python-versions = "^3.9"
content-hash = "e75704158f5445f80fd6a0553c87d3ff264dc5ced4d76cf8a21f62c829226849"

[metadata.files]
docutils = [
    {file = "docutils-0.19-py3-none-any.whl", hash = "sha256:5e1de4d849fee02c63b040a4a3fd567f4ab104defd8a5511fbbc24a8a017efbc"},
    {file = "docutils-0.19.tar.gz", hash = "sha256:33995a6753c30b7f577febfc2c50411fec6aac7f7ffeb7c4cfe5991072dcf9e6"},
]
statistics = [
    {file = "statistics-1.0.3.5.tar.gz", hash = "sha256:2dc379b80b07bf2ddd5488cad06b2b9531da4dd31edb04dc9ec0dc226486c138"},
]
